
Microsoft Visual Studio Solution File, Format Version 12.00
# Visual Studio Version 17
VisualStudioVersion = 17.14.36511.14 d17.14
MinimumVisualStudioVersion = 10.0.40219.1
Project("{FAE04EC0-301F-11D3-BF4B-00C04F79EFBC}") = "BilleteraDigital_Api", "..\BilleteraDigital_Api\BilleteraDigital_Api.csproj", "{3405A807-0A6F-2BAD-0CD9-29447EBD9A68}"
EndProject
Project("{FAE04EC0-301F-11D3-BF4B-00C04F79EFBC}") = "BilleteraDigital_Web", "..\BilleteraDigital_Web\BilleteraDigital_Web.csproj", "{A6152D2F-6E0D-1859-CB18-3043BA42C952}"
EndProject
Global
	GlobalSection(SolutionConfigurationPlatforms) = preSolution
		Debug|Any CPU = Debug|Any CPU
		Release|Any CPU = Release|Any CPU
	EndGlobalSection
	GlobalSection(ProjectConfigurationPlatforms) = postSolution
		{3405A807-0A6F-2BAD-0CD9-29447EBD9A68}.Debug|Any CPU.ActiveCfg = Debug|Any CPU
		{3405A807-0A6F-2BAD-0CD9-29447EBD9A68}.Debug|Any CPU.Build.0 = Debug|Any CPU
		{3405A807-0A6F-2BAD-0CD9-29447EBD9A68}.Release|Any CPU.ActiveCfg = Release|Any CPU
		{3405A807-0A6F-2BAD-0CD9-29447EBD9A68}.Release|Any CPU.Build.0 = Release|Any CPU
		{A6152D2F-6E0D-1859-CB18-3043BA42C952}.Debug|Any CPU.ActiveCfg = Debug|Any CPU
		{A6152D2F-6E0D-1859-CB18-3043BA42C952}.Debug|Any CPU.Build.0 = Debug|Any CPU
		{A6152D2F-6E0D-1859-CB18-3043BA42C952}.Release|Any CPU.ActiveCfg = Release|Any CPU
		{A6152D2F-6E0D-1859-CB18-3043BA42C952}.Release|Any CPU.Build.0 = Release|Any CPU
	EndGlobalSection
	GlobalSection(SolutionProperties) = preSolution
		HideSolutionNode = FALSE
	EndGlobalSection
	GlobalSection(ExtensibilityGlobals) = postSolution
		SolutionGuid = {AAA18732-1D3C-46C7-816D-1CB37B8BE127}
	EndGlobalSection
EndGlobal
